// !$*UTF8*$!
{
	archiveVersion = 1;
	classes = {
	};
	objectVersion = 50;
	objects = {

/* Begin PBXBuildFile section */
		0653813D2256D1710047C130 /* AppDelegate.swift in Sources */ = {isa = PBXBuildFile; fileRef = 0653813C2256D1710047C130 /* AppDelegate.swift */; };
		0653813F2256D1710047C130 /* ViewController.swift in Sources */ = {isa = PBXBuildFile; fileRef = 0653813E2256D1710047C130 /* ViewController.swift */; };
		065381422256D1710047C130 /* Main.storyboard in Resources */ = {isa = PBXBuildFile; fileRef = 065381402256D1710047C130 /* Main.storyboard */; };
		065381442256D1720047C130 /* Assets.xcassets in Resources */ = {isa = PBXBuildFile; fileRef = 065381432256D1710047C130 /* Assets.xcassets */; };
		065381472256D1720047C130 /* LaunchScreen.storyboard in Resources */ = {isa = PBXBuildFile; fileRef = 065381452256D1720047C130 /* LaunchScreen.storyboard */; };
		540AD519AB14BE5B834CAFA1 /* Pods_LinkedInExample.framework in Frameworks */ = {isa = PBXBuildFile; fileRef = D4A14FEC4716CD3104B60B06 /* Pods_LinkedInExample.framework */; };
/* End PBXBuildFile section */

/* Begin PBXFileReference section */
		065381392256D1710047C130 /* LinkedInExample.app */ = {isa = PBXFileReference; explicitFileType = wrapper.application; includeInIndex = 0; path = LinkedInExample.app; sourceTree = BUILT_PRODUCTS_DIR; };
		0653813C2256D1710047C130 /* AppDelegate.swift */ = {isa = PBXFileReference; lastKnownFileType = sourcecode.swift; path = AppDelegate.swift; sourceTree = "<group>"; };
		0653813E2256D1710047C130 /* ViewController.swift */ = {isa = PBXFileReference; lastKnownFileType = sourcecode.swift; path = ViewController.swift; sourceTree = "<group>"; };
		065381412256D1710047C130 /* Base */ = {isa = PBXFileReference; lastKnownFileType = file.storyboard; name = Base; path = Base.lproj/Main.storyboard; sourceTree = "<group>"; };
		065381432256D1710047C130 /* Assets.xcassets */ = {isa = PBXFileReference; lastKnownFileType = folder.assetcatalog; path = Assets.xcassets; sourceTree = "<group>"; };
		065381462256D1720047C130 /* Base */ = {isa = PBXFileReference; lastKnownFileType = file.storyboard; name = Base; path = Base.lproj/LaunchScreen.storyboard; sourceTree = "<group>"; };
		065381482256D1720047C130 /* Info.plist */ = {isa = PBXFileReference; lastKnownFileType = text.plist.xml; path = Info.plist; sourceTree = "<group>"; };
		A12EC0E39D2EBB9F0AA40111 /* Pods-LinkedInExample.release.xcconfig */ = {isa = PBXFileReference; includeInIndex = 1; lastKnownFileType = text.xcconfig; name = "Pods-LinkedInExample.release.xcconfig"; path = "Pods/Target Support Files/Pods-LinkedInExample/Pods-LinkedInExample.release.xcconfig"; sourceTree = "<group>"; };
		D4A14FEC4716CD3104B60B06 /* Pods_LinkedInExample.framework */ = {isa = PBXFileReference; explicitFileType = wrapper.framework; includeInIndex = 0; path = Pods_LinkedInExample.framework; sourceTree = BUILT_PRODUCTS_DIR; };
		E697D6358AF438272CC1BEB5 /* Pods-LinkedInExample.debug.xcconfig */ = {isa = PBXFileReference; includeInIndex = 1; lastKnownFileType = text.xcconfig; name = "Pods-LinkedInExample.debug.xcconfig"; path = "Pods/Target Support Files/Pods-LinkedInExample/Pods-LinkedInExample.debug.xcconfig"; sourceTree = "<group>"; };
/* End PBXFileReference section */

/* Begin PBXFrameworksBuildPhase section */
		065381362256D1710047C130 /* Frameworks */ = {
			isa = PBXFrameworksBuildPhase;
			buildActionMask = 2147483647;
			files = (
				540AD519AB14BE5B834CAFA1 /* Pods_LinkedInExample.framework in Frameworks */,
			);
			runOnlyForDeploymentPostprocessing = 0;
		};
/* End PBXFrameworksBuildPhase section */

/* Begin PBXGroup section */
		065381302256D1710047C130 = {
			isa = PBXGroup;
			children = (
				0653813B2256D1710047C130 /* LinkedInExample */,
				0653813A2256D1710047C130 /* Products */,
				F8831521108683B490DC60C4 /* Pods */,
				C76C3C0AEB6BAE0F5CC75DD4 /* Frameworks */,
			);
			sourceTree = "<group>";
		};
		0653813A2256D1710047C130 /* Products */ = {
			isa = PBXGroup;
			children = (
				065381392256D1710047C130 /* LinkedInExample.app */,
			);
			name = Products;
			sourceTree = "<group>";
		};
		0653813B2256D1710047C130 /* LinkedInExample */ = {
			isa = PBXGroup;
			children = (
				0653813C2256D1710047C130 /* AppDelegate.swift */,
				0653813E2256D1710047C130 /* ViewController.swift */,
				065381402256D1710047C130 /* Main.storyboard */,
				065381432256D1710047C130 /* Assets.xcassets */,
				065381452256D1720047C130 /* LaunchScreen.storyboard */,
				065381482256D1720047C130 /* Info.plist */,
			);
			path = LinkedInExample;
			sourceTree = "<group>";
		};
		C76C3C0AEB6BAE0F5CC75DD4 /* Frameworks */ = {
			isa = PBXGroup;
			children = (
				D4A14FEC4716CD3104B60B06 /* Pods_LinkedInExample.framework */,
			);
			name = Frameworks;
			sourceTree = "<group>";
		};
		F8831521108683B490DC60C4 /* Pods */ = {
			isa = PBXGroup;
			children = (
				E697D6358AF438272CC1BEB5 /* Pods-LinkedInExample.debug.xcconfig */,
				A12EC0E39D2EBB9F0AA40111 /* Pods-LinkedInExample.release.xcconfig */,
			);
			name = Pods;
			sourceTree = "<group>";
		};
/* End PBXGroup section */

/* Begin PBXNativeTarget section */
		065381382256D1710047C130 /* LinkedInExample */ = {
			isa = PBXNativeTarget;
			buildConfigurationList = 0653814B2256D1720047C130 /* Build configuration list for PBXNativeTarget "LinkedInExample" */;
			buildPhases = (
				958D6E985760088F7AB53262 /* [CP] Check Pods Manifest.lock */,
				065381352256D1710047C130 /* Sources */,
				065381362256D1710047C130 /* Frameworks */,
				065381372256D1710047C130 /* Resources */,
				009ECFBC1B42CDC91642C7AA /* [CP] Embed Pods Frameworks */,
			);
			buildRules = (
			);
			dependencies = (
			);
			name = LinkedInExample;
			productName = LinkedInExample;
			productReference = 065381392256D1710047C130 /* LinkedInExample.app */;
			productType = "com.apple.product-type.application";
		};
/* End PBXNativeTarget section */

/* Begin PBXProject section */
		065381312256D1710047C130 /* Project object */ = {
			isa = PBXProject;
			attributes = {
				LastSwiftUpdateCheck = 1020;
				LastUpgradeCheck = 1020;
				ORGANIZATIONNAME = manuelbulos;
				TargetAttributes = {
					065381382256D1710047C130 = {
						CreatedOnToolsVersion = 10.2;
					};
				};
			};
			buildConfigurationList = 065381342256D1710047C130 /* Build configuration list for PBXProject "LinkedInExample" */;
			compatibilityVersion = "Xcode 9.3";
			developmentRegion = en;
			hasScannedForEncodings = 0;
			knownRegions = (
				en,
				Base,
			);
			mainGroup = 065381302256D1710047C130;
			productRefGroup = 0653813A2256D1710047C130 /* Products */;
			projectDirPath = "";
			projectRoot = "";
			targets = (
				065381382256D1710047C130 /* LinkedInExample */,
			);
		};
/* End PBXProject section */

/* Begin PBXResourcesBuildPhase section */
		065381372256D1710047C130 /* Resources */ = {
			isa = PBXResourcesBuildPhase;
			buildActionMask = 2147483647;
			files = (
				065381472256D1720047C130 /* LaunchScreen.storyboard in Resources */,
				065381442256D1720047C130 /* Assets.xcassets in Resources */,
				065381422256D1710047C130 /* Main.storyboard in Resources */,
			);
			runOnlyForDeploymentPostprocessing = 0;
		};
/* End PBXResourcesBuildPhase section */

/* Begin PBXShellScriptBuildPhase section */
		009ECFBC1B42CDC91642C7AA /* [CP] Embed Pods Frameworks */ = {
			isa = PBXShellScriptBuildPhase;
			buildActionMask = 2147483647;
			files = (
			);
			inputFileListPaths = (
			);
			inputPaths = (
				"${SRCROOT}/Pods/Target Support Files/Pods-LinkedInExample/Pods-LinkedInExample-frameworks.sh",
				"${BUILT_PRODUCTS_DIR}/LinkedInSignIn/LinkedInSignIn.framework",
				"${BUILT_PRODUCTS_DIR}/MBProgressHUD/MBProgressHUD.framework",
			);
			name = "[CP] Embed Pods Frameworks";
			outputFileListPaths = (
			);
			outputPaths = (
				"${TARGET_BUILD_DIR}/${FRAMEWORKS_FOLDER_PATH}/LinkedInSignIn.framework",
				"${TARGET_BUILD_DIR}/${FRAMEWORKS_FOLDER_PATH}/MBProgressHUD.framework",
			);
			runOnlyForDeploymentPostprocessing = 0;
			shellPath = /bin/sh;
			shellScript = "\"${SRCROOT}/Pods/Target Support Files/Pods-LinkedInExample/Pods-LinkedInExample-frameworks.sh\"\n";
			showEnvVarsInLog = 0;
		};
		958D6E985760088F7AB53262 /* [CP] Check Pods Manifest.lock */ = {
			isa = PBXShellScriptBuildPhase;
			buildActionMask = 2147483647;
			files = (
			);
			inputFileListPaths = (
			);
			inputPaths = (
				"${PODS_PODFILE_DIR_PATH}/Podfile.lock",
				"${PODS_ROOT}/Manifest.lock",
			);
			name = "[CP] Check Pods Manifest.lock";
			outputFileListPaths = (
			);
			outputPaths = (
				"$(DERIVED_FILE_DIR)/Pods-LinkedInExample-checkManifestLockResult.txt",
			);
			runOnlyForDeploymentPostprocessing = 0;
			shellPath = /bin/sh;
			shellScript = "diff \"${PODS_PODFILE_DIR_PATH}/Podfile.lock\" \"${PODS_ROOT}/Manifest.lock\" > /dev/null\nif [ $? != 0 ] ; then\n    # print error to STDERR\n    echo \"error: The sandbox is not in sync with the Podfile.lock. Run 'pod install' or update your CocoaPods installation.\" >&2\n    exit 1\nfi\n# This output is used by Xcode 'outputs' to avoid re-running this script phase.\necho \"SUCCESS\" > \"${SCRIPT_OUTPUT_FILE_0}\"\n";
			showEnvVarsInLog = 0;
		};
/* End PBXShellScriptBuildPhase section */

/* Begin PBXSourcesBuildPhase section */
		065381352256D1710047C130 /* Sources */ = {
			isa = PBXSourcesBuildPhase;
			buildActionMask = 2147483647;
			files = (
				0653813F2256D1710047C130 /* ViewController.swift in Sources */,
				0653813D2256D1710047C130 /* AppDelegate.swift in Sources */,
			);
			runOnlyForDeploymentPostprocessing = 0;
		};
/* End PBXSourcesBuildPhase section */

/* Begin PBXVariantGroup section */
		065381402256D1710047C130 /* Main.storyboard */ = {
			isa = PBXVariantGroup;
			children = (
				065381412256D1710047C130 /* Base */,
			);
			name = Main.storyboard;
			sourceTree = "<group>";
		};
		065381452256D1720047C130 /* LaunchScreen.storyboard */ = {
			isa = PBXVariantGroup;
			children = (
				065381462256D1720047C130 /* Base */,
			);
			name = LaunchScreen.storyboard;
			sourceTree = "<group>";
		};
/* End PBXVariantGroup section */

/* Begin XCBuildConfiguration section */
		065381492256D1720047C130 /* Debug */ = {
			isa = XCBuildConfiguration;
			buildSettings = {
				ALWAYS_SEARCH_USER_PATHS = NO;
				CLANG_ANALYZER_NONNULL = YES;
				CLANG_ANALYZER_NUMBER_OBJECT_CONVERSION = YES_AGGRESSIVE;
				CLANG_CXX_LANGUAGE_STANDARD = "gnu++14";
				CLANG_CXX_LIBRARY = "libc++";
				CLANG_ENABLE_MODULES = YES;
				CLANG_ENABLE_OBJC_ARC = YES;
				CLANG_ENABLE_OBJC_WEAK = YES;
				CLANG_WARN_BLOCK_CAPTURE_AUTORELEASING = YES;
				CLANG_WARN_BOOL_CONVERSION = YES;
				CLANG_WARN_COMMA = YES;
				CLANG_WARN_CONSTANT_CONVERSION = YES;
				CLANG_WARN_DEPRECATED_OBJC_IMPLEMENTATIONS = YES;
				CLANG_WARN_DIRECT_OBJC_ISA_USAGE = YES_ERROR;
				CLANG_WARN_DOCUMENTATION_COMMENTS = YES;
				CLANG_WARN_EMPTY_BODY = YES;
				CLANG_WARN_ENUM_CONVERSION = YES;
				CLANG_WARN_INFINITE_RECURSION = YES;
				CLANG_WARN_INT_CONVERSION = YES;
				CLANG_WARN_NON_LITERAL_NULL_CONVERSION = YES;
				CLANG_WARN_OBJC_IMPLICIT_RETAIN_SELF = YES;
				CLANG_WARN_OBJC_LITERAL_CONVERSION = YES;
				CLANG_WARN_OBJC_ROOT_CLASS = YES_ERROR;
				CLANG_WARN_RANGE_LOOP_ANALYSIS = YES;
				CLANG_WARN_STRICT_PROTOTYPES = YES;
				CLANG_WARN_SUSPICIOUS_MOVE = YES;
				CLANG_WARN_UNGUARDED_AVAILABILITY = YES_AGGRESSIVE;
				CLANG_WARN_UNREACHABLE_CODE = YES;
				CLANG_WARN__DUPLICATE_METHOD_MATCH = YES;
				CODE_SIGN_IDENTITY = "iPhone Developer";
				COPY_PHASE_STRIP = NO;
				DEBUG_INFORMATION_FORMAT = dwarf;
				ENABLE_STRICT_OBJC_MSGSEND = YES;
				ENABLE_TESTABILITY = YES;
				GCC_C_LANGUAGE_STANDARD = gnu11;
				GCC_DYNAMIC_NO_PIC = NO;
				GCC_NO_COMMON_BLOCKS = YES;
				GCC_OPTIMIZATION_LEVEL = 0;
				GCC_PREPROCESSOR_DEFINITIONS = (
					"DEBUG=1",
					"$(inherited)",
				);
				GCC_WARN_64_TO_32_BIT_CONVERSION = YES;
				GCC_WARN_ABOUT_RETURN_TYPE = YES_ERROR;
				GCC_WARN_UNDECLARED_SELECTOR = YES;
				GCC_WARN_UNINITIALIZED_AUTOS = YES_AGGRESSIVE;
				GCC_WARN_UNUSED_FUNCTION = YES;
				GCC_WARN_UNUSED_VARIABLE = YES;
				IPHONEOS_DEPLOYMENT_TARGET = 12.2;
				MTL_ENABLE_DEBUG_INFO = INCLUDE_SOURCE;
				MTL_FAST_MATH = YES;
				ONLY_ACTIVE_ARCH = YES;
				SDKROOT = iphoneos;
				SWIFT_ACTIVE_COMPILATION_CONDITIONS = DEBUG;
				SWIFT_OPTIMIZATION_LEVEL = "-Onone";
			};
			name = Debug;
		};
		0653814A2256D1720047C130 /* Release */ = {
			isa = XCBuildConfiguration;
			buildSettings = {
				ALWAYS_SEARCH_USER_PATHS = NO;
				CLANG_ANALYZER_NONNULL = YES;
				CLANG_ANALYZER_NUMBER_OBJECT_CONVERSION = YES_AGGRESSIVE;
				CLANG_CXX_LANGUAGE_STANDARD = "gnu++14";
				CLANG_CXX_LIBRARY = "libc++";
				CLANG_ENABLE_MODULES = YES;
				CLANG_ENABLE_OBJC_ARC = YES;
				CLANG_ENABLE_OBJC_WEAK = YES;
				CLANG_WARN_BLOCK_CAPTURE_AUTORELEASING = YES;
				CLANG_WARN_BOOL_CONVERSION = YES;
				CLANG_WARN_COMMA = YES;
				CLANG_WARN_CONSTANT_CONVERSION = YES;
				CLANG_WARN_DEPRECATED_OBJC_IMPLEMENTATIONS = YES;
				CLANG_WARN_DIRECT_OBJC_ISA_USAGE = YES_ERROR;
				CLANG_WARN_DOCUMENTATION_COMMENTS = YES;
				CLANG_WARN_EMPTY_BODY = YES;
				CLANG_WARN_ENUM_CONVERSION = YES;
				CLANG_WARN_INFINITE_RECURSION = YES;
				CLANG_WARN_INT_CONVERSION = YES;
				CLANG_WARN_NON_LITERAL_NULL_CONVERSION = YES;
				CLANG_WARN_OBJC_IMPLICIT_RETAIN_SELF = YES;
				CLANG_WARN_OBJC_LITERAL_CONVERSION = YES;
				CLANG_WARN_OBJC_ROOT_CLASS = YES_ERROR;
				CLANG_WARN_RANGE_LOOP_ANALYSIS = YES;
				CLANG_WARN_STRICT_PROTOTYPES = YES;
				CLANG_WARN_SUSPICIOUS_MOVE = YES;
				CLANG_WARN_UNGUARDED_AVAILABILITY = YES_AGGRESSIVE;
				CLANG_WARN_UNREACHABLE_CODE = YES;
				CLANG_WARN__DUPLICATE_METHOD_MATCH = YES;
				CODE_SIGN_IDENTITY = "iPhone Developer";
				COPY_PHASE_STRIP = NO;
				DEBUG_INFORMATION_FORMAT = "dwarf-with-dsym";
				ENABLE_NS_ASSERTIONS = NO;
				ENABLE_STRICT_OBJC_MSGSEND = YES;
				GCC_C_LANGUAGE_STANDARD = gnu11;
				GCC_NO_COMMON_BLOCKS = YES;
				GCC_WARN_64_TO_32_BIT_CONVERSION = YES;
				GCC_WARN_ABOUT_RETURN_TYPE = YES_ERROR;
				GCC_WARN_UNDECLARED_SELECTOR = YES;
				GCC_WARN_UNINITIALIZED_AUTOS = YES_AGGRESSIVE;
				GCC_WARN_UNUSED_FUNCTION = YES;
				GCC_WARN_UNUSED_VARIABLE = YES;
				IPHONEOS_DEPLOYMENT_TARGET = 12.2;
				MTL_ENABLE_DEBUG_INFO = NO;
				MTL_FAST_MATH = YES;
				SDKROOT = iphoneos;
				SWIFT_COMPILATION_MODE = wholemodule;
				SWIFT_OPTIMIZATION_LEVEL = "-O";
				VALIDATE_PRODUCT = YES;
			};
			name = Release;
		};
		0653814C2256D1720047C130 /* Debug */ = {
			isa = XCBuildConfiguration;
			baseConfigurationReference = E697D6358AF438272CC1BEB5 /* Pods-LinkedInExample.debug.xcconfig */;
			buildSettings = {
				ASSETCATALOG_COMPILER_APPICON_NAME = AppIcon;
				CODE_SIGN_STYLE = Automatic;
				DEVELOPMENT_TEAM = 39H65QV622;
				INFOPLIST_FILE = LinkedInExample/Info.plist;
				LD_RUNPATH_SEARCH_PATHS = (
					"$(inherited)",
					"@executable_path/Frameworks",
				);
				PRODUCT_BUNDLE_IDENTIFIER = com.manuelbulos.LinkedInExample;
				PRODUCT_NAME = "$(TARGET_NAME)";
				SWIFT_VERSION = 5.0;
				TARGETED_DEVICE_FAMILY = "1,2";
			};
			name = Debug;
		};
		0653814D2256D1720047C130 /* Release */ = {
			isa = XCBuildConfiguration;
			baseConfigurationReference = A12EC0E39D2EBB9F0AA40111 /* Pods-LinkedInExample.release.xcconfig */;
			buildSettings = {
				ASSETCATALOG_COMPILER_APPICON_NAME = AppIcon;
				CODE_SIGN_STYLE = Automatic;
				DEVELOPMENT_TEAM = 39H65QV622;
				INFOPLIST_FILE = LinkedInExample/Info.plist;
				LD_RUNPATH_SEARCH_PATHS = (
					"$(inherited)",
					"@executable_path/Frameworks",
				);
				PRODUCT_BUNDLE_IDENTIFIER = com.manuelbulos.LinkedInExample;
				PRODUCT_NAME = "$(TARGET_NAME)";
				SWIFT_VERSION = 5.0;
				TARGETED_DEVICE_FAMILY = "1,2";
			};
			name = Release;
		};
/* End XCBuildConfiguration section */

/* Begin XCConfigurationList section */
		065381342256D1710047C130 /* Build configuration list for PBXProject "LinkedInExample" */ = {
			isa = XCConfigurationList;
			buildConfigurations = (
				065381492256D1720047C130 /* Debug */,
				0653814A2256D1720047C130 /* Release */,
			);
			defaultConfigurationIsVisible = 0;
			defaultConfigurationName = Release;
		};
		0653814B2256D1720047C130 /* Build configuration list for PBXNativeTarget "LinkedInExample" */ = {
			isa = XCConfigurationList;
			buildConfigurations = (
				0653814C2256D1720047C130 /* Debug */,
				0653814D2256D1720047C130 /* Release */,
			);
			defaultConfigurationIsVisible = 0;
			defaultConfigurationName = Release;
		};
/* End XCConfigurationList section */
	};
	rootObject = 065381312256D1710047C130 /* Project object */;
}
